
Microsoft Visual Studio Solution File, Format Version 12.00
# Visual Studio Version 16
VisualStudioVersion = 16.0.30128.74
MinimumVisualStudioVersion = 10.0.40219.1
Project("{FAE04EC0-301F-11D3-BF4B-00C04F79EFBC}") = "WebApi", "WebApi\WebApi.csproj", "{D9120705-5151-43CE-B5F0-CCF99FCC6CF7}"
EndProject
Global
	GlobalSection(SolutionConfigurationPlatforms) = preSolution
		Debug|Any CPU = Debug|Any CPU
		Release|Any CPU = Release|Any CPU
	EndGlobalSection
	GlobalSection(ProjectConfigurationPlatforms) = postSolution
		{D9120705-5151-43CE-B5F0-CCF99FCC6CF7}.Debug|Any CPU.ActiveCfg = Debug|Any CPU
		{D9120705-5151-43CE-B5F0-CCF99FCC6CF7}.Debug|Any CPU.Build.0 = Debug|Any CPU
		{D9120705-5151-43CE-B5F0-CCF99FCC6CF7}.Release|Any CPU.ActiveCfg = Release|Any CPU
		{D9120705-5151-43CE-B5F0-CCF99FCC6CF7}.Release|Any CPU.Build.0 = Release|Any CPU
	EndGlobalSection
	GlobalSection(SolutionProperties) = preSolution
		HideSolutionNode = FALSE
	EndGlobalSection
	GlobalSection(ExtensibilityGlobals) = postSolution
		SolutionGuid = {9B4AD012-DF22-4ECA-8A62-6A823BA13417}
	EndGlobalSection
EndGlobal
